// !$*UTF8*$!
{
	archiveVersion = 1;
	classes = {
	};
	objectVersion = 56;
	objects = {

/* Begin PBXBuildFile section */
		5F2BCD3BB2E63D2DE0A4007B /* Pods_ShopApp___Firebase.framework in Frameworks */ = {isa = PBXBuildFile; fileRef = 376FF1601264F23522B9E400 /* Pods_ShopApp___Firebase.framework */; };
		6F14B524296B7E6F00ACE01E /* AppDelegate.swift in Sources */ = {isa = PBXBuildFile; fileRef = 6F14B523296B7E6F00ACE01E /* AppDelegate.swift */; };
		6F14B526296B7E6F00ACE01E /* SceneDelegate.swift in Sources */ = {isa = PBXBuildFile; fileRef = 6F14B525296B7E6F00ACE01E /* SceneDelegate.swift */; };
		6F14B52D296B7E7000ACE01E /* Assets.xcassets in Resources */ = {isa = PBXBuildFile; fileRef = 6F14B52C296B7E7000ACE01E /* Assets.xcassets */; };
		6F14B530296B7E7000ACE01E /* LaunchScreen.storyboard in Resources */ = {isa = PBXBuildFile; fileRef = 6F14B52E296B7E7000ACE01E /* LaunchScreen.storyboard */; };
		6F14B539296B815900ACE01E /* ForgotPasswordController.swift in Sources */ = {isa = PBXBuildFile; fileRef = 6F14B538296B815900ACE01E /* ForgotPasswordController.swift */; };
		6F14B53B296B816B00ACE01E /* LoginController.swift in Sources */ = {isa = PBXBuildFile; fileRef = 6F14B53A296B816B00ACE01E /* LoginController.swift */; };
		6F14B53F296B819900ACE01E /* RegisterController.swift in Sources */ = {isa = PBXBuildFile; fileRef = 6F14B53E296B819900ACE01E /* RegisterController.swift */; };
		6F14B541296B81BF00ACE01E /* HomeController.swift in Sources */ = {isa = PBXBuildFile; fileRef = 6F14B540296B81BF00ACE01E /* HomeController.swift */; };
		6F14B544296B85FE00ACE01E /* AuthHeaderView.swift in Sources */ = {isa = PBXBuildFile; fileRef = 6F14B543296B85FE00ACE01E /* AuthHeaderView.swift */; };
		6F14B546296BB37700ACE01E /* CustomTextField.swift in Sources */ = {isa = PBXBuildFile; fileRef = 6F14B545296BB37700ACE01E /* CustomTextField.swift */; };
		6F14B548296BC0C300ACE01E /* CustomButton.swift in Sources */ = {isa = PBXBuildFile; fileRef = 6F14B547296BC0C200ACE01E /* CustomButton.swift */; };
		6F14B54A296C968800ACE01E /* WebViewerController.swift in Sources */ = {isa = PBXBuildFile; fileRef = 6F14B549296C968800ACE01E /* WebViewerController.swift */; };
		6F14B54D296D9DE700ACE01E /* AlertMaganger.swift in Sources */ = {isa = PBXBuildFile; fileRef = 6F14B54C296D9DE700ACE01E /* AlertMaganger.swift */; };
		6F14B54F296DE00F00ACE01E /* GoogleService-Info.plist in Resources */ = {isa = PBXBuildFile; fileRef = 6F14B54E296DE00F00ACE01E /* GoogleService-Info.plist */; };
		6F14B551296E3B7500ACE01E /* AuthService.swift in Sources */ = {isa = PBXBuildFile; fileRef = 6F14B550296E3B7500ACE01E /* AuthService.swift */; };
		6F14B554296E3D2D00ACE01E /* RegisterUserRequest.swift in Sources */ = {isa = PBXBuildFile; fileRef = 6F14B553296E3D2D00ACE01E /* RegisterUserRequest.swift */; };
/* End PBXBuildFile section */

/* Begin PBXFileReference section */
		376FF1601264F23522B9E400 /* Pods_ShopApp___Firebase.framework */ = {isa = PBXFileReference; explicitFileType = wrapper.framework; includeInIndex = 0; path = "Pods_ShopApp___Firebase.framework"; sourceTree = BUILT_PRODUCTS_DIR; };
		403C0F935B44CB3272EC493F /* Pods-ShopApp - Firebase.release.xcconfig */ = {isa = PBXFileReference; includeInIndex = 1; lastKnownFileType = text.xcconfig; name = "Pods-ShopApp - Firebase.release.xcconfig"; path = "Target Support Files/Pods-ShopApp - Firebase/Pods-ShopApp - Firebase.release.xcconfig"; sourceTree = "<group>"; };
		59F544BCA3B198F4CF7C1A9C /* Pods-ShopApp - Firebase.debug.xcconfig */ = {isa = PBXFileReference; includeInIndex = 1; lastKnownFileType = text.xcconfig; name = "Pods-ShopApp - Firebase.debug.xcconfig"; path = "Target Support Files/Pods-ShopApp - Firebase/Pods-ShopApp - Firebase.debug.xcconfig"; sourceTree = "<group>"; };
		6F14B520296B7E6F00ACE01E /* ShopApp - Firebase.app */ = {isa = PBXFileReference; explicitFileType = wrapper.application; includeInIndex = 0; path = "ShopApp - Firebase.app"; sourceTree = BUILT_PRODUCTS_DIR; };
		6F14B523296B7E6F00ACE01E /* AppDelegate.swift */ = {isa = PBXFileReference; lastKnownFileType = sourcecode.swift; path = AppDelegate.swift; sourceTree = "<group>"; };
		6F14B525296B7E6F00ACE01E /* SceneDelegate.swift */ = {isa = PBXFileReference; lastKnownFileType = sourcecode.swift; path = SceneDelegate.swift; sourceTree = "<group>"; };
		6F14B52C296B7E7000ACE01E /* Assets.xcassets */ = {isa = PBXFileReference; lastKnownFileType = folder.assetcatalog; path = Assets.xcassets; sourceTree = "<group>"; };
		6F14B52F296B7E7000ACE01E /* Base */ = {isa = PBXFileReference; lastKnownFileType = file.storyboard; name = Base; path = Base.lproj/LaunchScreen.storyboard; sourceTree = "<group>"; };
		6F14B531296B7E7000ACE01E /* Info.plist */ = {isa = PBXFileReference; lastKnownFileType = text.plist.xml; path = Info.plist; sourceTree = "<group>"; };
		6F14B538296B815900ACE01E /* ForgotPasswordController.swift */ = {isa = PBXFileReference; lastKnownFileType = sourcecode.swift; path = ForgotPasswordController.swift; sourceTree = "<group>"; };
		6F14B53A296B816B00ACE01E /* LoginController.swift */ = {isa = PBXFileReference; lastKnownFileType = sourcecode.swift; path = LoginController.swift; sourceTree = "<group>"; };
		6F14B53E296B819900ACE01E /* RegisterController.swift */ = {isa = PBXFileReference; lastKnownFileType = sourcecode.swift; path = RegisterController.swift; sourceTree = "<group>"; };
		6F14B540296B81BF00ACE01E /* HomeController.swift */ = {isa = PBXFileReference; lastKnownFileType = sourcecode.swift; path = HomeController.swift; sourceTree = "<group>"; };
		6F14B543296B85FE00ACE01E /* AuthHeaderView.swift */ = {isa = PBXFileReference; lastKnownFileType = sourcecode.swift; path = AuthHeaderView.swift; sourceTree = "<group>"; };
		6F14B545296BB37700ACE01E /* CustomTextField.swift */ = {isa = PBXFileReference; lastKnownFileType = sourcecode.swift; path = CustomTextField.swift; sourceTree = "<group>"; };
		6F14B547296BC0C200ACE01E /* CustomButton.swift */ = {isa = PBXFileReference; lastKnownFileType = sourcecode.swift; path = CustomButton.swift; sourceTree = "<group>"; };
		6F14B549296C968800ACE01E /* WebViewerController.swift */ = {isa = PBXFileReference; lastKnownFileType = sourcecode.swift; path = WebViewerController.swift; sourceTree = "<group>"; };
		6F14B54C296D9DE700ACE01E /* AlertMaganger.swift */ = {isa = PBXFileReference; lastKnownFileType = sourcecode.swift; path = AlertMaganger.swift; sourceTree = "<group>"; };
		6F14B54E296DE00F00ACE01E /* GoogleService-Info.plist */ = {isa = PBXFileReference; fileEncoding = 4; lastKnownFileType = text.plist.xml; path = "GoogleService-Info.plist"; sourceTree = "<group>"; };
		6F14B550296E3B7500ACE01E /* AuthService.swift */ = {isa = PBXFileReference; lastKnownFileType = sourcecode.swift; path = AuthService.swift; sourceTree = "<group>"; };
		6F14B553296E3D2D00ACE01E /* RegisterUserRequest.swift */ = {isa = PBXFileReference; lastKnownFileType = sourcecode.swift; path = RegisterUserRequest.swift; sourceTree = "<group>"; };
/* End PBXFileReference section */

/* Begin PBXFrameworksBuildPhase section */
		6F14B51D296B7E6F00ACE01E /* Frameworks */ = {
			isa = PBXFrameworksBuildPhase;
			buildActionMask = 2147483647;
			files = (
				5F2BCD3BB2E63D2DE0A4007B /* Pods_ShopApp___Firebase.framework in Frameworks */,
			);
			runOnlyForDeploymentPostprocessing = 0;
		};
/* End PBXFrameworksBuildPhase section */

/* Begin PBXGroup section */
		41130CFAB6966DA6315919CD /* Pods */ = {
			isa = PBXGroup;
			children = (
				59F544BCA3B198F4CF7C1A9C /* Pods-ShopApp - Firebase.debug.xcconfig */,
				403C0F935B44CB3272EC493F /* Pods-ShopApp - Firebase.release.xcconfig */,
			);
			path = Pods;
			sourceTree = "<group>";
		};
		452621DA7F5927B202027FC6 /* Frameworks */ = {
			isa = PBXGroup;
			children = (
				376FF1601264F23522B9E400 /* Pods_ShopApp___Firebase.framework */,
			);
			name = Frameworks;
			sourceTree = "<group>";
		};
		6F14B517296B7E6F00ACE01E = {
			isa = PBXGroup;
			children = (
				6F14B550296E3B7500ACE01E /* AuthService.swift */,
				6F14B54C296D9DE700ACE01E /* AlertMaganger.swift */,
				6F14B522296B7E6F00ACE01E /* ShopApp - Firebase */,
				6F14B549296C968800ACE01E /* WebViewerController.swift */,
				6F14B521296B7E6F00ACE01E /* Products */,
				41130CFAB6966DA6315919CD /* Pods */,
				452621DA7F5927B202027FC6 /* Frameworks */,
			);
			sourceTree = "<group>";
		};
		6F14B521296B7E6F00ACE01E /* Products */ = {
			isa = PBXGroup;
			children = (
				6F14B520296B7E6F00ACE01E /* ShopApp - Firebase.app */,
			);
			name = Products;
			sourceTree = "<group>";
		};
		6F14B522296B7E6F00ACE01E /* ShopApp - Firebase */ = {
			isa = PBXGroup;
			children = (
				6F14B552296E3D1600ACE01E /* Models */,
				6F14B542296B81ED00ACE01E /* View */,
				6F14B54B296D9D8700ACE01E /* Controllers */,
				6F14B537296B80DE00ACE01E /* Suporting */,
				6F14B531296B7E7000ACE01E /* Info.plist */,
			);
			path = "ShopApp - Firebase";
			sourceTree = "<group>";
		};
		6F14B537296B80DE00ACE01E /* Suporting */ = {
			isa = PBXGroup;
			children = (
				6F14B523296B7E6F00ACE01E /* AppDelegate.swift */,
				6F14B525296B7E6F00ACE01E /* SceneDelegate.swift */,
				6F14B52C296B7E7000ACE01E /* Assets.xcassets */,
				6F14B52E296B7E7000ACE01E /* LaunchScreen.storyboard */,
				6F14B54E296DE00F00ACE01E /* GoogleService-Info.plist */,
			);
			path = Suporting;
			sourceTree = "<group>";
		};
		6F14B542296B81ED00ACE01E /* View */ = {
			isa = PBXGroup;
			children = (
				6F14B543296B85FE00ACE01E /* AuthHeaderView.swift */,
				6F14B545296BB37700ACE01E /* CustomTextField.swift */,
				6F14B547296BC0C200ACE01E /* CustomButton.swift */,
			);
			path = View;
			sourceTree = "<group>";
		};
		6F14B54B296D9D8700ACE01E /* Controllers */ = {
			isa = PBXGroup;
			children = (
				6F14B540296B81BF00ACE01E /* HomeController.swift */,
				6F14B53A296B816B00ACE01E /* LoginController.swift */,
				6F14B53E296B819900ACE01E /* RegisterController.swift */,
				6F14B538296B815900ACE01E /* ForgotPasswordController.swift */,
			);
			path = Controllers;
			sourceTree = "<group>";
		};
		6F14B552296E3D1600ACE01E /* Models */ = {
			isa = PBXGroup;
			children = (
				6F14B553296E3D2D00ACE01E /* RegisterUserRequest.swift */,
			);
			path = Models;
			sourceTree = "<group>";
		};
/* End PBXGroup section */

/* Begin PBXNativeTarget section */
		6F14B51F296B7E6F00ACE01E /* ShopApp - Firebase */ = {
			isa = PBXNativeTarget;
			buildConfigurationList = 6F14B534296B7E7000ACE01E /* Build configuration list for PBXNativeTarget "ShopApp - Firebase" */;
			buildPhases = (
				A57A524A424CE27F87617983 /* [CP] Check Pods Manifest.lock */,
				6F14B51C296B7E6F00ACE01E /* Sources */,
				6F14B51D296B7E6F00ACE01E /* Frameworks */,
				6F14B51E296B7E6F00ACE01E /* Resources */,
				4352158E76D0107A252760EC /* [CP] Embed Pods Frameworks */,
			);
			buildRules = (
			);
			dependencies = (
			);
			name = "ShopApp - Firebase";
			productName = "ShopApp - Firebase";
			productReference = 6F14B520296B7E6F00ACE01E /* ShopApp - Firebase.app */;
			productType = "com.apple.product-type.application";
		};
/* End PBXNativeTarget section */

/* Begin PBXProject section */
		6F14B518296B7E6F00ACE01E /* Project object */ = {
			isa = PBXProject;
			attributes = {
				BuildIndependentTargetsInParallel = 1;
				LastSwiftUpdateCheck = 1420;
				LastUpgradeCheck = 1420;
				TargetAttributes = {
					6F14B51F296B7E6F00ACE01E = {
						CreatedOnToolsVersion = 14.2;
					};
				};
			};
			buildConfigurationList = 6F14B51B296B7E6F00ACE01E /* Build configuration list for PBXProject "ShopApp - Firebase" */;
			compatibilityVersion = "Xcode 14.0";
			developmentRegion = en;
			hasScannedForEncodings = 0;
			knownRegions = (
				en,
				Base,
			);
			mainGroup = 6F14B517296B7E6F00ACE01E;
			productRefGroup = 6F14B521296B7E6F00ACE01E /* Products */;
			projectDirPath = "";
			projectRoot = "";
			targets = (
				6F14B51F296B7E6F00ACE01E /* ShopApp - Firebase */,
			);
		};
/* End PBXProject section */

/* Begin PBXResourcesBuildPhase section */
		6F14B51E296B7E6F00ACE01E /* Resources */ = {
			isa = PBXResourcesBuildPhase;
			buildActionMask = 2147483647;
			files = (
				6F14B530296B7E7000ACE01E /* LaunchScreen.storyboard in Resources */,
				6F14B52D296B7E7000ACE01E /* Assets.xcassets in Resources */,
				6F14B54F296DE00F00ACE01E /* GoogleService-Info.plist in Resources */,
			);
			runOnlyForDeploymentPostprocessing = 0;
		};
/* End PBXResourcesBuildPhase section */

/* Begin PBXShellScriptBuildPhase section */
		4352158E76D0107A252760EC /* [CP] Embed Pods Frameworks */ = {
			isa = PBXShellScriptBuildPhase;
			buildActionMask = 2147483647;
			files = (
			);
			inputFileListPaths = (
				"${PODS_ROOT}/Target Support Files/Pods-ShopApp - Firebase/Pods-ShopApp - Firebase-frameworks-${CONFIGURATION}-input-files.xcfilelist",
			);
			name = "[CP] Embed Pods Frameworks";
			outputFileListPaths = (
				"${PODS_ROOT}/Target Support Files/Pods-ShopApp - Firebase/Pods-ShopApp - Firebase-frameworks-${CONFIGURATION}-output-files.xcfilelist",
			);
			runOnlyForDeploymentPostprocessing = 0;
			shellPath = /bin/sh;
			shellScript = "\"${PODS_ROOT}/Target Support Files/Pods-ShopApp - Firebase/Pods-ShopApp - Firebase-frameworks.sh\"\n";
			showEnvVarsInLog = 0;
		};
		A57A524A424CE27F87617983 /* [CP] Check Pods Manifest.lock */ = {
			isa = PBXShellScriptBuildPhase;
			buildActionMask = 2147483647;
			files = (
			);
			inputFileListPaths = (
			);
			inputPaths = (
				"${PODS_PODFILE_DIR_PATH}/Podfile.lock",
				"${PODS_ROOT}/Manifest.lock",
			);
			name = "[CP] Check Pods Manifest.lock";
			outputFileListPaths = (
			);
			outputPaths = (
				"$(DERIVED_FILE_DIR)/Pods-ShopApp - Firebase-checkManifestLockResult.txt",
			);
			runOnlyForDeploymentPostprocessing = 0;
			shellPath = /bin/sh;
			shellScript = "diff \"${PODS_PODFILE_DIR_PATH}/Podfile.lock\" \"${PODS_ROOT}/Manifest.lock\" > /dev/null\nif [ $? != 0 ] ; then\n    # print error to STDERR\n    echo \"error: The sandbox is not in sync with the Podfile.lock. Run 'pod install' or update your CocoaPods installation.\" >&2\n    exit 1\nfi\n# This output is used by Xcode 'outputs' to avoid re-running this script phase.\necho \"SUCCESS\" > \"${SCRIPT_OUTPUT_FILE_0}\"\n";
			showEnvVarsInLog = 0;
		};
/* End PBXShellScriptBuildPhase section */

/* Begin PBXSourcesBuildPhase section */
		6F14B51C296B7E6F00ACE01E /* Sources */ = {
			isa = PBXSourcesBuildPhase;
			buildActionMask = 2147483647;
			files = (
				6F14B539296B815900ACE01E /* ForgotPasswordController.swift in Sources */,
				6F14B541296B81BF00ACE01E /* HomeController.swift in Sources */,
				6F14B54A296C968800ACE01E /* WebViewerController.swift in Sources */,
				6F14B551296E3B7500ACE01E /* AuthService.swift in Sources */,
				6F14B524296B7E6F00ACE01E /* AppDelegate.swift in Sources */,
				6F14B54D296D9DE700ACE01E /* AlertMaganger.swift in Sources */,
				6F14B548296BC0C300ACE01E /* CustomButton.swift in Sources */,
				6F14B53F296B819900ACE01E /* RegisterController.swift in Sources */,
				6F14B554296E3D2D00ACE01E /* RegisterUserRequest.swift in Sources */,
				6F14B544296B85FE00ACE01E /* AuthHeaderView.swift in Sources */,
				6F14B526296B7E6F00ACE01E /* SceneDelegate.swift in Sources */,
				6F14B53B296B816B00ACE01E /* LoginController.swift in Sources */,
				6F14B546296BB37700ACE01E /* CustomTextField.swift in Sources */,
			);
			runOnlyForDeploymentPostprocessing = 0;
		};
/* End PBXSourcesBuildPhase section */

/* Begin PBXVariantGroup section */
		6F14B52E296B7E7000ACE01E /* LaunchScreen.storyboard */ = {
			isa = PBXVariantGroup;
			children = (
				6F14B52F296B7E7000ACE01E /* Base */,
			);
			name = LaunchScreen.storyboard;
			sourceTree = "<group>";
		};
/* End PBXVariantGroup section */

/* Begin XCBuildConfiguration section */
		6F14B532296B7E7000ACE01E /* Debug */ = {
			isa = XCBuildConfiguration;
			buildSettings = {
				ALWAYS_SEARCH_USER_PATHS = NO;
				CLANG_ANALYZER_NONNULL = YES;
				CLANG_ANALYZER_NUMBER_OBJECT_CONVERSION = YES_AGGRESSIVE;
				CLANG_CXX_LANGUAGE_STANDARD = "gnu++20";
				CLANG_ENABLE_MODULES = YES;
				CLANG_ENABLE_OBJC_ARC = YES;
				CLANG_ENABLE_OBJC_WEAK = YES;
				CLANG_WARN_BLOCK_CAPTURE_AUTORELEASING = YES;
				CLANG_WARN_BOOL_CONVERSION = YES;
				CLANG_WARN_COMMA = YES;
				CLANG_WARN_CONSTANT_CONVERSION = YES;
				CLANG_WARN_DEPRECATED_OBJC_IMPLEMENTATIONS = YES;
				CLANG_WARN_DIRECT_OBJC_ISA_USAGE = YES_ERROR;
				CLANG_WARN_DOCUMENTATION_COMMENTS = YES;
				CLANG_WARN_EMPTY_BODY = YES;
				CLANG_WARN_ENUM_CONVERSION = YES;
				CLANG_WARN_INFINITE_RECURSION = YES;
				CLANG_WARN_INT_CONVERSION = YES;
				CLANG_WARN_NON_LITERAL_NULL_CONVERSION = YES;
				CLANG_WARN_OBJC_IMPLICIT_RETAIN_SELF = YES;
				CLANG_WARN_OBJC_LITERAL_CONVERSION = YES;
				CLANG_WARN_OBJC_ROOT_CLASS = YES_ERROR;
				CLANG_WARN_QUOTED_INCLUDE_IN_FRAMEWORK_HEADER = YES;
				CLANG_WARN_RANGE_LOOP_ANALYSIS = YES;
				CLANG_WARN_STRICT_PROTOTYPES = YES;
				CLANG_WARN_SUSPICIOUS_MOVE = YES;
				CLANG_WARN_UNGUARDED_AVAILABILITY = YES_AGGRESSIVE;
				CLANG_WARN_UNREACHABLE_CODE = YES;
				CLANG_WARN__DUPLICATE_METHOD_MATCH = YES;
				COPY_PHASE_STRIP = NO;
				DEBUG_INFORMATION_FORMAT = dwarf;
				ENABLE_STRICT_OBJC_MSGSEND = YES;
				ENABLE_TESTABILITY = YES;
				GCC_C_LANGUAGE_STANDARD = gnu11;
				GCC_DYNAMIC_NO_PIC = NO;
				GCC_NO_COMMON_BLOCKS = YES;
				GCC_OPTIMIZATION_LEVEL = 0;
				GCC_PREPROCESSOR_DEFINITIONS = (
					"DEBUG=1",
					"$(inherited)",
				);
				GCC_WARN_64_TO_32_BIT_CONVERSION = YES;
				GCC_WARN_ABOUT_RETURN_TYPE = YES_ERROR;
				GCC_WARN_UNDECLARED_SELECTOR = YES;
				GCC_WARN_UNINITIALIZED_AUTOS = YES_AGGRESSIVE;
				GCC_WARN_UNUSED_FUNCTION = YES;
				GCC_WARN_UNUSED_VARIABLE = YES;
				IPHONEOS_DEPLOYMENT_TARGET = 16.2;
				MTL_ENABLE_DEBUG_INFO = INCLUDE_SOURCE;
				MTL_FAST_MATH = YES;
				ONLY_ACTIVE_ARCH = YES;
				SDKROOT = iphoneos;
				SWIFT_ACTIVE_COMPILATION_CONDITIONS = DEBUG;
				SWIFT_OPTIMIZATION_LEVEL = "-Onone";
			};
			name = Debug;
		};
		6F14B533296B7E7000ACE01E /* Release */ = {
			isa = XCBuildConfiguration;
			buildSettings = {
				ALWAYS_SEARCH_USER_PATHS = NO;
				CLANG_ANALYZER_NONNULL = YES;
				CLANG_ANALYZER_NUMBER_OBJECT_CONVERSION = YES_AGGRESSIVE;
				CLANG_CXX_LANGUAGE_STANDARD = "gnu++20";
				CLANG_ENABLE_MODULES = YES;
				CLANG_ENABLE_OBJC_ARC = YES;
				CLANG_ENABLE_OBJC_WEAK = YES;
				CLANG_WARN_BLOCK_CAPTURE_AUTORELEASING = YES;
				CLANG_WARN_BOOL_CONVERSION = YES;
				CLANG_WARN_COMMA = YES;
				CLANG_WARN_CONSTANT_CONVERSION = YES;
				CLANG_WARN_DEPRECATED_OBJC_IMPLEMENTATIONS = YES;
				CLANG_WARN_DIRECT_OBJC_ISA_USAGE = YES_ERROR;
				CLANG_WARN_DOCUMENTATION_COMMENTS = YES;
				CLANG_WARN_EMPTY_BODY = YES;
				CLANG_WARN_ENUM_CONVERSION = YES;
				CLANG_WARN_INFINITE_RECURSION = YES;
				CLANG_WARN_INT_CONVERSION = YES;
				CLANG_WARN_NON_LITERAL_NULL_CONVERSION = YES;
				CLANG_WARN_OBJC_IMPLICIT_RETAIN_SELF = YES;
				CLANG_WARN_OBJC_LITERAL_CONVERSION = YES;
				CLANG_WARN_OBJC_ROOT_CLASS = YES_ERROR;
				CLANG_WARN_QUOTED_INCLUDE_IN_FRAMEWORK_HEADER = YES;
				CLANG_WARN_RANGE_LOOP_ANALYSIS = YES;
				CLANG_WARN_STRICT_PROTOTYPES = YES;
				CLANG_WARN_SUSPICIOUS_MOVE = YES;
				CLANG_WARN_UNGUARDED_AVAILABILITY = YES_AGGRESSIVE;
				CLANG_WARN_UNREACHABLE_CODE = YES;
				CLANG_WARN__DUPLICATE_METHOD_MATCH = YES;
				COPY_PHASE_STRIP = NO;
				DEBUG_INFORMATION_FORMAT = "dwarf-with-dsym";
				ENABLE_NS_ASSERTIONS = NO;
				ENABLE_STRICT_OBJC_MSGSEND = YES;
				GCC_C_LANGUAGE_STANDARD = gnu11;
				GCC_NO_COMMON_BLOCKS = YES;
				GCC_WARN_64_TO_32_BIT_CONVERSION = YES;
				GCC_WARN_ABOUT_RETURN_TYPE = YES_ERROR;
				GCC_WARN_UNDECLARED_SELECTOR = YES;
				GCC_WARN_UNINITIALIZED_AUTOS = YES_AGGRESSIVE;
				GCC_WARN_UNUSED_FUNCTION = YES;
				GCC_WARN_UNUSED_VARIABLE = YES;
				IPHONEOS_DEPLOYMENT_TARGET = 16.2;
				MTL_ENABLE_DEBUG_INFO = NO;
				MTL_FAST_MATH = YES;
				SDKROOT = iphoneos;
				SWIFT_COMPILATION_MODE = wholemodule;
				SWIFT_OPTIMIZATION_LEVEL = "-O";
				VALIDATE_PRODUCT = YES;
			};
			name = Release;
		};
		6F14B535296B7E7000ACE01E /* Debug */ = {
			isa = XCBuildConfiguration;
			baseConfigurationReference = 59F544BCA3B198F4CF7C1A9C /* Pods-ShopApp - Firebase.debug.xcconfig */;
			buildSettings = {
				ASSETCATALOG_COMPILER_APPICON_NAME = AppIcon;
				ASSETCATALOG_COMPILER_GLOBAL_ACCENT_COLOR_NAME = AccentColor;
				CODE_SIGN_STYLE = Automatic;
				CURRENT_PROJECT_VERSION = 1;
				DEVELOPMENT_TEAM = 4M4YA5V4K6;
				GENERATE_INFOPLIST_FILE = YES;
				INFOPLIST_FILE = "ShopApp - Firebase/Info.plist";
				INFOPLIST_KEY_CFBundleDisplayName = "Shop App";
				INFOPLIST_KEY_UIApplicationSupportsIndirectInputEvents = YES;
				INFOPLIST_KEY_UILaunchStoryboardName = LaunchScreen;
				INFOPLIST_KEY_UISupportedInterfaceOrientations_iPad = "UIInterfaceOrientationPortrait UIInterfaceOrientationPortraitUpsideDown UIInterfaceOrientationLandscapeLeft UIInterfaceOrientationLandscapeRight";
				INFOPLIST_KEY_UISupportedInterfaceOrientations_iPhone = "UIInterfaceOrientationPortrait UIInterfaceOrientationLandscapeLeft UIInterfaceOrientationLandscapeRight";
				IPHONEOS_DEPLOYMENT_TARGET = 16.2;
				LD_RUNPATH_SEARCH_PATHS = (
					"$(inherited)",
					"@executable_path/Frameworks",
				);
				MARKETING_VERSION = 1.0;
				PRODUCT_BUNDLE_IDENTIFIER = "com.wilenuDev.ShopApp---Firebase";
				PRODUCT_NAME = "$(TARGET_NAME)";
				SWIFT_EMIT_LOC_STRINGS = YES;
				SWIFT_VERSION = 5.0;
				TARGETED_DEVICE_FAMILY = "1,2";
			};
			name = Debug;
		};
		6F14B536296B7E7000ACE01E /* Release */ = {
			isa = XCBuildConfiguration;
			baseConfigurationReference = 403C0F935B44CB3272EC493F /* Pods-ShopApp - Firebase.release.xcconfig */;
			buildSettings = {
				ASSETCATALOG_COMPILER_APPICON_NAME = AppIcon;
				ASSETCATALOG_COMPILER_GLOBAL_ACCENT_COLOR_NAME = AccentColor;
				CODE_SIGN_STYLE = Automatic;
				CURRENT_PROJECT_VERSION = 1;
				DEVELOPMENT_TEAM = 4M4YA5V4K6;
				GENERATE_INFOPLIST_FILE = YES;
				INFOPLIST_FILE = "ShopApp - Firebase/Info.plist";
				INFOPLIST_KEY_CFBundleDisplayName = "Shop App";
				INFOPLIST_KEY_UIApplicationSupportsIndirectInputEvents = YES;
				INFOPLIST_KEY_UILaunchStoryboardName = LaunchScreen;
				INFOPLIST_KEY_UISupportedInterfaceOrientations_iPad = "UIInterfaceOrientationPortrait UIInterfaceOrientationPortraitUpsideDown UIInterfaceOrientationLandscapeLeft UIInterfaceOrientationLandscapeRight";
				INFOPLIST_KEY_UISupportedInterfaceOrientations_iPhone = "UIInterfaceOrientationPortrait UIInterfaceOrientationLandscapeLeft UIInterfaceOrientationLandscapeRight";
				IPHONEOS_DEPLOYMENT_TARGET = 16.2;
				LD_RUNPATH_SEARCH_PATHS = (
					"$(inherited)",
					"@executable_path/Frameworks",
				);
				MARKETING_VERSION = 1.0;
				PRODUCT_BUNDLE_IDENTIFIER = "com.wilenuDev.ShopApp---Firebase";
				PRODUCT_NAME = "$(TARGET_NAME)";
				SWIFT_EMIT_LOC_STRINGS = YES;
				SWIFT_VERSION = 5.0;
				TARGETED_DEVICE_FAMILY = "1,2";
			};
			name = Release;
		};
/* End XCBuildConfiguration section */

/* Begin XCConfigurationList section */
		6F14B51B296B7E6F00ACE01E /* Build configuration list for PBXProject "ShopApp - Firebase" */ = {
			isa = XCConfigurationList;
			buildConfigurations = (
				6F14B532296B7E7000ACE01E /* Debug */,
				6F14B533296B7E7000ACE01E /* Release */,
			);
			defaultConfigurationIsVisible = 0;
			defaultConfigurationName = Release;
		};
		6F14B534296B7E7000ACE01E /* Build configuration list for PBXNativeTarget "ShopApp - Firebase" */ = {
			isa = XCConfigurationList;
			buildConfigurations = (
				6F14B535296B7E7000ACE01E /* Debug */,
				6F14B536296B7E7000ACE01E /* Release */,
			);
			defaultConfigurationIsVisible = 0;
			defaultConfigurationName = Release;
		};
/* End XCConfigurationList section */
	};
	rootObject = 6F14B518296B7E6F00ACE01E /* Project object */;
}
